// !$*UTF8*$!
{
	archiveVersion = 1;
	classes = {
	};
	objectVersion = 50;
	objects = {

/* Begin PBXBuildFile section */
		9B006D952367679F00D66739 /* AppDelegate.swift in Sources */ = {isa = PBXBuildFile; fileRef = 9B006D942367679F00D66739 /* AppDelegate.swift */; };
		9B006D972367679F00D66739 /* ViewController.swift in Sources */ = {isa = PBXBuildFile; fileRef = 9B006D962367679F00D66739 /* ViewController.swift */; };
		9B006D9A2367679F00D66739 /* Main.storyboard in Resources */ = {isa = PBXBuildFile; fileRef = 9B006D982367679F00D66739 /* Main.storyboard */; };
		9B006D9C2367679F00D66739 /* Assets.xcassets in Resources */ = {isa = PBXBuildFile; fileRef = 9B006D9B2367679F00D66739 /* Assets.xcassets */; };
		9B006D9F2367679F00D66739 /* LaunchScreen.storyboard in Resources */ = {isa = PBXBuildFile; fileRef = 9B006D9D2367679F00D66739 /* LaunchScreen.storyboard */; };
		9B006DAA2367679F00D66739 /* Bullseye2Tests.swift in Sources */ = {isa = PBXBuildFile; fileRef = 9B006DA92367679F00D66739 /* Bullseye2Tests.swift */; };
		9B006DB52367679F00D66739 /* Bullseye2UITests.swift in Sources */ = {isa = PBXBuildFile; fileRef = 9B006DB42367679F00D66739 /* Bullseye2UITests.swift */; };
/* End PBXBuildFile section */

/* Begin PBXContainerItemProxy section */
		9B006DA62367679F00D66739 /* PBXContainerItemProxy */ = {
			isa = PBXContainerItemProxy;
			containerPortal = 9B006D892367679F00D66739 /* Project object */;
			proxyType = 1;
			remoteGlobalIDString = 9B006D902367679F00D66739;
			remoteInfo = Bullseye2;
		};
		9B006DB12367679F00D66739 /* PBXContainerItemProxy */ = {
			isa = PBXContainerItemProxy;
			containerPortal = 9B006D892367679F00D66739 /* Project object */;
			proxyType = 1;
			remoteGlobalIDString = 9B006D902367679F00D66739;
			remoteInfo = Bullseye2;
		};
/* End PBXContainerItemProxy section */

/* Begin PBXFileReference section */
		9B006D912367679F00D66739 /* Bullseye2.app */ = {isa = PBXFileReference; explicitFileType = wrapper.application; includeInIndex = 0; path = Bullseye2.app; sourceTree = BUILT_PRODUCTS_DIR; };
		9B006D942367679F00D66739 /* AppDelegate.swift */ = {isa = PBXFileReference; lastKnownFileType = sourcecode.swift; path = AppDelegate.swift; sourceTree = "<group>"; };
		9B006D962367679F00D66739 /* ViewController.swift */ = {isa = PBXFileReference; lastKnownFileType = sourcecode.swift; path = ViewController.swift; sourceTree = "<group>"; };
		9B006D992367679F00D66739 /* Base */ = {isa = PBXFileReference; lastKnownFileType = file.storyboard; name = Base; path = Base.lproj/Main.storyboard; sourceTree = "<group>"; };
		9B006D9B2367679F00D66739 /* Assets.xcassets */ = {isa = PBXFileReference; lastKnownFileType = folder.assetcatalog; path = Assets.xcassets; sourceTree = "<group>"; };
		9B006D9E2367679F00D66739 /* Base */ = {isa = PBXFileReference; lastKnownFileType = file.storyboard; name = Base; path = Base.lproj/LaunchScreen.storyboard; sourceTree = "<group>"; };
		9B006DA02367679F00D66739 /* Info.plist */ = {isa = PBXFileReference; lastKnownFileType = text.plist.xml; path = Info.plist; sourceTree = "<group>"; };
		9B006DA52367679F00D66739 /* Bullseye2Tests.xctest */ = {isa = PBXFileReference; explicitFileType = wrapper.cfbundle; includeInIndex = 0; path = Bullseye2Tests.xctest; sourceTree = BUILT_PRODUCTS_DIR; };
		9B006DA92367679F00D66739 /* Bullseye2Tests.swift */ = {isa = PBXFileReference; lastKnownFileType = sourcecode.swift; path = Bullseye2Tests.swift; sourceTree = "<group>"; };
		9B006DAB2367679F00D66739 /* Info.plist */ = {isa = PBXFileReference; lastKnownFileType = text.plist.xml; path = Info.plist; sourceTree = "<group>"; };
		9B006DB02367679F00D66739 /* Bullseye2UITests.xctest */ = {isa = PBXFileReference; explicitFileType = wrapper.cfbundle; includeInIndex = 0; path = Bullseye2UITests.xctest; sourceTree = BUILT_PRODUCTS_DIR; };
		9B006DB42367679F00D66739 /* Bullseye2UITests.swift */ = {isa = PBXFileReference; lastKnownFileType = sourcecode.swift; path = Bullseye2UITests.swift; sourceTree = "<group>"; };
		9B006DB62367679F00D66739 /* Info.plist */ = {isa = PBXFileReference; lastKnownFileType = text.plist.xml; path = Info.plist; sourceTree = "<group>"; };
/* End PBXFileReference section */

/* Begin PBXFrameworksBuildPhase section */
		9B006D8E2367679F00D66739 /* Frameworks */ = {
			isa = PBXFrameworksBuildPhase;
			buildActionMask = 2147483647;
			files = (
			);
			runOnlyForDeploymentPostprocessing = 0;
		};
		9B006DA22367679F00D66739 /* Frameworks */ = {
			isa = PBXFrameworksBuildPhase;
			buildActionMask = 2147483647;
			files = (
			);
			runOnlyForDeploymentPostprocessing = 0;
		};
		9B006DAD2367679F00D66739 /* Frameworks */ = {
			isa = PBXFrameworksBuildPhase;
			buildActionMask = 2147483647;
			files = (
			);
			runOnlyForDeploymentPostprocessing = 0;
		};
/* End PBXFrameworksBuildPhase section */

/* Begin PBXGroup section */
		9B006D882367679F00D66739 = {
			isa = PBXGroup;
			children = (
				9B006D932367679F00D66739 /* Bullseye2 */,
				9B006DA82367679F00D66739 /* Bullseye2Tests */,
				9B006DB32367679F00D66739 /* Bullseye2UITests */,
				9B006D922367679F00D66739 /* Products */,
			);
			sourceTree = "<group>";
		};
		9B006D922367679F00D66739 /* Products */ = {
			isa = PBXGroup;
			children = (
				9B006D912367679F00D66739 /* Bullseye2.app */,
				9B006DA52367679F00D66739 /* Bullseye2Tests.xctest */,
				9B006DB02367679F00D66739 /* Bullseye2UITests.xctest */,
			);
			name = Products;
			sourceTree = "<group>";
		};
		9B006D932367679F00D66739 /* Bullseye2 */ = {
			isa = PBXGroup;
			children = (
				9B006D942367679F00D66739 /* AppDelegate.swift */,
				9B006D962367679F00D66739 /* ViewController.swift */,
				9B006D982367679F00D66739 /* Main.storyboard */,
				9B006D9B2367679F00D66739 /* Assets.xcassets */,
				9B006D9D2367679F00D66739 /* LaunchScreen.storyboard */,
				9B006DA02367679F00D66739 /* Info.plist */,
			);
			path = Bullseye2;
			sourceTree = "<group>";
		};
		9B006DA82367679F00D66739 /* Bullseye2Tests */ = {
			isa = PBXGroup;
			children = (
				9B006DA92367679F00D66739 /* Bullseye2Tests.swift */,
				9B006DAB2367679F00D66739 /* Info.plist */,
			);
			path = Bullseye2Tests;
			sourceTree = "<group>";
		};
		9B006DB32367679F00D66739 /* Bullseye2UITests */ = {
			isa = PBXGroup;
			children = (
				9B006DB42367679F00D66739 /* Bullseye2UITests.swift */,
				9B006DB62367679F00D66739 /* Info.plist */,
			);
			path = Bullseye2UITests;
			sourceTree = "<group>";
		};
/* End PBXGroup section */

/* Begin PBXNativeTarget section */
		9B006D902367679F00D66739 /* Bullseye2 */ = {
			isa = PBXNativeTarget;
			buildConfigurationList = 9B006DB92367679F00D66739 /* Build configuration list for PBXNativeTarget "Bullseye2" */;
			buildPhases = (
				9B006D8D2367679F00D66739 /* Sources */,
				9B006D8E2367679F00D66739 /* Frameworks */,
				9B006D8F2367679F00D66739 /* Resources */,
			);
			buildRules = (
			);
			dependencies = (
			);
			name = Bullseye2;
			productName = Bullseye2;
			productReference = 9B006D912367679F00D66739 /* Bullseye2.app */;
			productType = "com.apple.product-type.application";
		};
		9B006DA42367679F00D66739 /* Bullseye2Tests */ = {
			isa = PBXNativeTarget;
			buildConfigurationList = 9B006DBC2367679F00D66739 /* Build configuration list for PBXNativeTarget "Bullseye2Tests" */;
			buildPhases = (
				9B006DA12367679F00D66739 /* Sources */,
				9B006DA22367679F00D66739 /* Frameworks */,
				9B006DA32367679F00D66739 /* Resources */,
			);
			buildRules = (
			);
			dependencies = (
				9B006DA72367679F00D66739 /* PBXTargetDependency */,
			);
			name = Bullseye2Tests;
			productName = Bullseye2Tests;
			productReference = 9B006DA52367679F00D66739 /* Bullseye2Tests.xctest */;
			productType = "com.apple.product-type.bundle.unit-test";
		};
		9B006DAF2367679F00D66739 /* Bullseye2UITests */ = {
			isa = PBXNativeTarget;
			buildConfigurationList = 9B006DBF2367679F00D66739 /* Build configuration list for PBXNativeTarget "Bullseye2UITests" */;
			buildPhases = (
				9B006DAC2367679F00D66739 /* Sources */,
				9B006DAD2367679F00D66739 /* Frameworks */,
				9B006DAE2367679F00D66739 /* Resources */,
			);
			buildRules = (
			);
			dependencies = (
				9B006DB22367679F00D66739 /* PBXTargetDependency */,
			);
			name = Bullseye2UITests;
			productName = Bullseye2UITests;
			productReference = 9B006DB02367679F00D66739 /* Bullseye2UITests.xctest */;
			productType = "com.apple.product-type.bundle.ui-testing";
		};
/* End PBXNativeTarget section */

/* Begin PBXProject section */
		9B006D892367679F00D66739 /* Project object */ = {
			isa = PBXProject;
			attributes = {
				LastSwiftUpdateCheck = 1030;
				LastUpgradeCheck = 1030;
				ORGANIZATIONNAME = MacStudent;
				TargetAttributes = {
					9B006D902367679F00D66739 = {
						CreatedOnToolsVersion = 10.3;
					};
					9B006DA42367679F00D66739 = {
						CreatedOnToolsVersion = 10.3;
						TestTargetID = 9B006D902367679F00D66739;
					};
					9B006DAF2367679F00D66739 = {
						CreatedOnToolsVersion = 10.3;
						TestTargetID = 9B006D902367679F00D66739;
					};
				};
			};
			buildConfigurationList = 9B006D8C2367679F00D66739 /* Build configuration list for PBXProject "Bullseye2" */;
			compatibilityVersion = "Xcode 9.3";
			developmentRegion = en;
			hasScannedForEncodings = 0;
			knownRegions = (
				en,
				Base,
			);
			mainGroup = 9B006D882367679F00D66739;
			productRefGroup = 9B006D922367679F00D66739 /* Products */;
			projectDirPath = "";
			projectRoot = "";
			targets = (
				9B006D902367679F00D66739 /* Bullseye2 */,
				9B006DA42367679F00D66739 /* Bullseye2Tests */,
				9B006DAF2367679F00D66739 /* Bullseye2UITests */,
			);
		};
/* End PBXProject section */

/* Begin PBXResourcesBuildPhase section */
		9B006D8F2367679F00D66739 /* Resources */ = {
			isa = PBXResourcesBuildPhase;
			buildActionMask = 2147483647;
			files = (
				9B006D9F2367679F00D66739 /* LaunchScreen.storyboard in Resources */,
				9B006D9C2367679F00D66739 /* Assets.xcassets in Resources */,
				9B006D9A2367679F00D66739 /* Main.storyboard in Resources */,
			);
			runOnlyForDeploymentPostprocessing = 0;
		};
		9B006DA32367679F00D66739 /* Resources */ = {
			isa = PBXResourcesBuildPhase;
			buildActionMask = 2147483647;
			files = (
			);
			runOnlyForDeploymentPostprocessing = 0;
		};
		9B006DAE2367679F00D66739 /* Resources */ = {
			isa = PBXResourcesBuildPhase;
			buildActionMask = 2147483647;
			files = (
			);
			runOnlyForDeploymentPostprocessing = 0;
		};
/* End PBXResourcesBuildPhase section */

/* Begin PBXSourcesBuildPhase section */
		9B006D8D2367679F00D66739 /* Sources */ = {
			isa = PBXSourcesBuildPhase;
			buildActionMask = 2147483647;
			files = (
				9B006D972367679F00D66739 /* ViewController.swift in Sources */,
				9B006D952367679F00D66739 /* AppDelegate.swift in Sources */,
			);
			runOnlyForDeploymentPostprocessing = 0;
		};
		9B006DA12367679F00D66739 /* Sources */ = {
			isa = PBXSourcesBuildPhase;
			buildActionMask = 2147483647;
			files = (
				9B006DAA2367679F00D66739 /* Bullseye2Tests.swift in Sources */,
			);
			runOnlyForDeploymentPostprocessing = 0;
		};
		9B006DAC2367679F00D66739 /* Sources */ = {
			isa = PBXSourcesBuildPhase;
			buildActionMask = 2147483647;
			files = (
				9B006DB52367679F00D66739 /* Bullseye2UITests.swift in Sources */,
			);
			runOnlyForDeploymentPostprocessing = 0;
		};
/* End PBXSourcesBuildPhase section */

/* Begin PBXTargetDependency section */
		9B006DA72367679F00D66739 /* PBXTargetDependency */ = {
			isa = PBXTargetDependency;
			target = 9B006D902367679F00D66739 /* Bullseye2 */;
			targetProxy = 9B006DA62367679F00D66739 /* PBXContainerItemProxy */;
		};
		9B006DB22367679F00D66739 /* PBXTargetDependency */ = {
			isa = PBXTargetDependency;
			target = 9B006D902367679F00D66739 /* Bullseye2 */;
			targetProxy = 9B006DB12367679F00D66739 /* PBXContainerItemProxy */;
		};
/* End PBXTargetDependency section */

/* Begin PBXVariantGroup section */
		9B006D982367679F00D66739 /* Main.storyboard */ = {
			isa = PBXVariantGroup;
			children = (
				9B006D992367679F00D66739 /* Base */,
			);
			name = Main.storyboard;
			sourceTree = "<group>";
		};
		9B006D9D2367679F00D66739 /* LaunchScreen.storyboard */ = {
			isa = PBXVariantGroup;
			children = (
				9B006D9E2367679F00D66739 /* Base */,
			);
			name = LaunchScreen.storyboard;
			sourceTree = "<group>";
		};
/* End PBXVariantGroup section */

/* Begin XCBuildConfiguration section */
		9B006DB72367679F00D66739 /* Debug */ = {
			isa = XCBuildConfiguration;
			buildSettings = {
				ALWAYS_SEARCH_USER_PATHS = NO;
				CLANG_ANALYZER_NONNULL = YES;
				CLANG_ANALYZER_NUMBER_OBJECT_CONVERSION = YES_AGGRESSIVE;
				CLANG_CXX_LANGUAGE_STANDARD = "gnu++14";
				CLANG_CXX_LIBRARY = "libc++";
				CLANG_ENABLE_MODULES = YES;
				CLANG_ENABLE_OBJC_ARC = YES;
				CLANG_ENABLE_OBJC_WEAK = YES;
				CLANG_WARN_BLOCK_CAPTURE_AUTORELEASING = YES;
				CLANG_WARN_BOOL_CONVERSION = YES;
				CLANG_WARN_COMMA = YES;
				CLANG_WARN_CONSTANT_CONVERSION = YES;
				CLANG_WARN_DEPRECATED_OBJC_IMPLEMENTATIONS = YES;
				CLANG_WARN_DIRECT_OBJC_ISA_USAGE = YES_ERROR;
				CLANG_WARN_DOCUMENTATION_COMMENTS = YES;
				CLANG_WARN_EMPTY_BODY = YES;
				CLANG_WARN_ENUM_CONVERSION = YES;
				CLANG_WARN_INFINITE_RECURSION = YES;
				CLANG_WARN_INT_CONVERSION = YES;
				CLANG_WARN_NON_LITERAL_NULL_CONVERSION = YES;
				CLANG_WARN_OBJC_IMPLICIT_RETAIN_SELF = YES;
				CLANG_WARN_OBJC_LITERAL_CONVERSION = YES;
				CLANG_WARN_OBJC_ROOT_CLASS = YES_ERROR;
				CLANG_WARN_RANGE_LOOP_ANALYSIS = YES;
				CLANG_WARN_STRICT_PROTOTYPES = YES;
				CLANG_WARN_SUSPICIOUS_MOVE = YES;
				CLANG_WARN_UNGUARDED_AVAILABILITY = YES_AGGRESSIVE;
				CLANG_WARN_UNREACHABLE_CODE = YES;
				CLANG_WARN__DUPLICATE_METHOD_MATCH = YES;
				CODE_SIGN_IDENTITY = "iPhone Developer";
				COPY_PHASE_STRIP = NO;
				DEBUG_INFORMATION_FORMAT = dwarf;
				ENABLE_STRICT_OBJC_MSGSEND = YES;
				ENABLE_TESTABILITY = YES;
				GCC_C_LANGUAGE_STANDARD = gnu11;
				GCC_DYNAMIC_NO_PIC = NO;
				GCC_NO_COMMON_BLOCKS = YES;
				GCC_OPTIMIZATION_LEVEL = 0;
				GCC_PREPROCESSOR_DEFINITIONS = (
					"DEBUG=1",
					"$(inherited)",
				);
				GCC_WARN_64_TO_32_BIT_CONVERSION = YES;
				GCC_WARN_ABOUT_RETURN_TYPE = YES_ERROR;
				GCC_WARN_UNDECLARED_SELECTOR = YES;
				GCC_WARN_UNINITIALIZED_AUTOS = YES_AGGRESSIVE;
				GCC_WARN_UNUSED_FUNCTION = YES;
				GCC_WARN_UNUSED_VARIABLE = YES;
				IPHONEOS_DEPLOYMENT_TARGET = 12.4;
				MTL_ENABLE_DEBUG_INFO = INCLUDE_SOURCE;
				MTL_FAST_MATH = YES;
				ONLY_ACTIVE_ARCH = YES;
				SDKROOT = iphoneos;
				SWIFT_ACTIVE_COMPILATION_CONDITIONS = DEBUG;
				SWIFT_OPTIMIZATION_LEVEL = "-Onone";
			};
			name = Debug;
		};
		9B006DB82367679F00D66739 /* Release */ = {
			isa = XCBuildConfiguration;
			buildSettings = {
				ALWAYS_SEARCH_USER_PATHS = NO;
				CLANG_ANALYZER_NONNULL = YES;
				CLANG_ANALYZER_NUMBER_OBJECT_CONVERSION = YES_AGGRESSIVE;
				CLANG_CXX_LANGUAGE_STANDARD = "gnu++14";
				CLANG_CXX_LIBRARY = "libc++";
				CLANG_ENABLE_MODULES = YES;
				CLANG_ENABLE_OBJC_ARC = YES;
				CLANG_ENABLE_OBJC_WEAK = YES;
				CLANG_WARN_BLOCK_CAPTURE_AUTORELEASING = YES;
				CLANG_WARN_BOOL_CONVERSION = YES;
				CLANG_WARN_COMMA = YES;
				CLANG_WARN_CONSTANT_CONVERSION = YES;
				CLANG_WARN_DEPRECATED_OBJC_IMPLEMENTATIONS = YES;
				CLANG_WARN_DIRECT_OBJC_ISA_USAGE = YES_ERROR;
				CLANG_WARN_DOCUMENTATION_COMMENTS = YES;
				CLANG_WARN_EMPTY_BODY = YES;
				CLANG_WARN_ENUM_CONVERSION = YES;
				CLANG_WARN_INFINITE_RECURSION = YES;
				CLANG_WARN_INT_CONVERSION = YES;
				CLANG_WARN_NON_LITERAL_NULL_CONVERSION = YES;
				CLANG_WARN_OBJC_IMPLICIT_RETAIN_SELF = YES;
				CLANG_WARN_OBJC_LITERAL_CONVERSION = YES;
				CLANG_WARN_OBJC_ROOT_CLASS = YES_ERROR;
				CLANG_WARN_RANGE_LOOP_ANALYSIS = YES;
				CLANG_WARN_STRICT_PROTOTYPES = YES;
				CLANG_WARN_SUSPICIOUS_MOVE = YES;
				CLANG_WARN_UNGUARDED_AVAILABILITY = YES_AGGRESSIVE;
				CLANG_WARN_UNREACHABLE_CODE = YES;
				CLANG_WARN__DUPLICATE_METHOD_MATCH = YES;
				CODE_SIGN_IDENTITY = "iPhone Developer";
				COPY_PHASE_STRIP = NO;
				DEBUG_INFORMATION_FORMAT = "dwarf-with-dsym";
				ENABLE_NS_ASSERTIONS = NO;
				ENABLE_STRICT_OBJC_MSGSEND = YES;
				GCC_C_LANGUAGE_STANDARD = gnu11;
				GCC_NO_COMMON_BLOCKS = YES;
				GCC_WARN_64_TO_32_BIT_CONVERSION = YES;
				GCC_WARN_ABOUT_RETURN_TYPE = YES_ERROR;
				GCC_WARN_UNDECLARED_SELECTOR = YES;
				GCC_WARN_UNINITIALIZED_AUTOS = YES_AGGRESSIVE;
				GCC_WARN_UNUSED_FUNCTION = YES;
				GCC_WARN_UNUSED_VARIABLE = YES;
				IPHONEOS_DEPLOYMENT_TARGET = 12.4;
				MTL_ENABLE_DEBUG_INFO = NO;
				MTL_FAST_MATH = YES;
				SDKROOT = iphoneos;
				SWIFT_COMPILATION_MODE = wholemodule;
				SWIFT_OPTIMIZATION_LEVEL = "-O";
				VALIDATE_PRODUCT = YES;
			};
			name = Release;
		};
		9B006DBA2367679F00D66739 /* Debug */ = {
			isa = XCBuildConfiguration;
			buildSettings = {
				ASSETCATALOG_COMPILER_APPICON_NAME = AppIcon;
				CODE_SIGN_STYLE = Automatic;
				INFOPLIST_FILE = Bullseye2/Info.plist;
				LD_RUNPATH_SEARCH_PATHS = (
					"$(inherited)",
					"@executable_path/Frameworks",
				);
				PRODUCT_BUNDLE_IDENTIFIER = CestarCollege.Bullseye2;
				PRODUCT_NAME = "$(TARGET_NAME)";
				SWIFT_VERSION = 5.0;
				TARGETED_DEVICE_FAMILY = "1,2";
			};
			name = Debug;
		};
		9B006DBB2367679F00D66739 /* Release */ = {
			isa = XCBuildConfiguration;
			buildSettings = {
				ASSETCATALOG_COMPILER_APPICON_NAME = AppIcon;
				CODE_SIGN_STYLE = Automatic;
				INFOPLIST_FILE = Bullseye2/Info.plist;
				LD_RUNPATH_SEARCH_PATHS = (
					"$(inherited)",
					"@executable_path/Frameworks",
				);
				PRODUCT_BUNDLE_IDENTIFIER = CestarCollege.Bullseye2;
				PRODUCT_NAME = "$(TARGET_NAME)";
				SWIFT_VERSION = 5.0;
				TARGETED_DEVICE_FAMILY = "1,2";
			};
			name = Release;
		};
		9B006DBD2367679F00D66739 /* Debug */ = {
			isa = XCBuildConfiguration;
			buildSettings = {
				ALWAYS_EMBED_SWIFT_STANDARD_LIBRARIES = YES;
				BUNDLE_LOADER = "$(TEST_HOST)";
				CODE_SIGN_STYLE = Automatic;
				INFOPLIST_FILE = Bullseye2Tests/Info.plist;
				LD_RUNPATH_SEARCH_PATHS = (
					"$(inherited)",
					"@executable_path/Frameworks",
					"@loader_path/Frameworks",
				);
				PRODUCT_BUNDLE_IDENTIFIER = CestarCollege.Bullseye2Tests;
				PRODUCT_NAME = "$(TARGET_NAME)";
				SWIFT_VERSION = 5.0;
				TARGETED_DEVICE_FAMILY = "1,2";
				TEST_HOST = "$(BUILT_PRODUCTS_DIR)/Bullseye2.app/Bullseye2";
			};
			name = Debug;
		};
		9B006DBE2367679F00D66739 /* Release */ = {
			isa = XCBuildConfiguration;
			buildSettings = {
				ALWAYS_EMBED_SWIFT_STANDARD_LIBRARIES = YES;
				BUNDLE_LOADER = "$(TEST_HOST)";
				CODE_SIGN_STYLE = Automatic;
				INFOPLIST_FILE = Bullseye2Tests/Info.plist;
				LD_RUNPATH_SEARCH_PATHS = (
					"$(inherited)",
					"@executable_path/Frameworks",
					"@loader_path/Frameworks",
				);
				PRODUCT_BUNDLE_IDENTIFIER = CestarCollege.Bullseye2Tests;
				PRODUCT_NAME = "$(TARGET_NAME)";
				SWIFT_VERSION = 5.0;
				TARGETED_DEVICE_FAMILY = "1,2";
				TEST_HOST = "$(BUILT_PRODUCTS_DIR)/Bullseye2.app/Bullseye2";
			};
			name = Release;
		};
		9B006DC02367679F00D66739 /* Debug */ = {
			isa = XCBuildConfiguration;
			buildSettings = {
				ALWAYS_EMBED_SWIFT_STANDARD_LIBRARIES = YES;
				CODE_SIGN_STYLE = Automatic;
				INFOPLIST_FILE = Bullseye2UITests/Info.plist;
				LD_RUNPATH_SEARCH_PATHS = (
					"$(inherited)",
					"@executable_path/Frameworks",
					"@loader_path/Frameworks",
				);
				PRODUCT_BUNDLE_IDENTIFIER = CestarCollege.Bullseye2UITests;
				PRODUCT_NAME = "$(TARGET_NAME)";
				SWIFT_VERSION = 5.0;
				TARGETED_DEVICE_FAMILY = "1,2";
				TEST_TARGET_NAME = Bullseye2;
			};
			name = Debug;
		};
		9B006DC12367679F00D66739 /* Release */ = {
			isa = XCBuildConfiguration;
			buildSettings = {
				ALWAYS_EMBED_SWIFT_STANDARD_LIBRARIES = YES;
				CODE_SIGN_STYLE = Automatic;
				INFOPLIST_FILE = Bullseye2UITests/Info.plist;
				LD_RUNPATH_SEARCH_PATHS = (
					"$(inherited)",
					"@executable_path/Frameworks",
					"@loader_path/Frameworks",
				);
				PRODUCT_BUNDLE_IDENTIFIER = CestarCollege.Bullseye2UITests;
				PRODUCT_NAME = "$(TARGET_NAME)";
				SWIFT_VERSION = 5.0;
				TARGETED_DEVICE_FAMILY = "1,2";
				TEST_TARGET_NAME = Bullseye2;
			};
			name = Release;
		};
/* End XCBuildConfiguration section */

/* Begin XCConfigurationList section */
		9B006D8C2367679F00D66739 /* Build configuration list for PBXProject "Bullseye2" */ = {
			isa = XCConfigurationList;
			buildConfigurations = (
				9B006DB72367679F00D66739 /* Debug */,
				9B006DB82367679F00D66739 /* Release */,
			);
			defaultConfigurationIsVisible = 0;
			defaultConfigurationName = Release;
		};
		9B006DB92367679F00D66739 /* Build configuration list for PBXNativeTarget "Bullseye2" */ = {
			isa = XCConfigurationList;
			buildConfigurations = (
				9B006DBA2367679F00D66739 /* Debug */,
				9B006DBB2367679F00D66739 /* Release */,
			);
			defaultConfigurationIsVisible = 0;
			defaultConfigurationName = Release;
		};
		9B006DBC2367679F00D66739 /* Build configuration list for PBXNativeTarget "Bullseye2Tests" */ = {
			isa = XCConfigurationList;
			buildConfigurations = (
				9B006DBD2367679F00D66739 /* Debug */,
				9B006DBE2367679F00D66739 /* Release */,
			);
			defaultConfigurationIsVisible = 0;
			defaultConfigurationName = Release;
		};
		9B006DBF2367679F00D66739 /* Build configuration list for PBXNativeTarget "Bullseye2UITests" */ = {
			isa = XCConfigurationList;
			buildConfigurations = (
				9B006DC02367679F00D66739 /* Debug */,
				9B006DC12367679F00D66739 /* Release */,
			);
			defaultConfigurationIsVisible = 0;
			defaultConfigurationName = Release;
		};
/* End XCConfigurationList section */
	};
	rootObject = 9B006D892367679F00D66739 /* Project object */;
}
